
Microsoft Visual Studio Solution File, Format Version 12.00
# Visual Studio Version 16
VisualStudioVersion = 16.0.30204.135
MinimumVisualStudioVersion = 10.0.40219.1
Project("{FAE04EC0-301F-11D3-BF4B-00C04F79EFBC}") = "SnTraceViewer", "SnTraceViewer\SnTraceViewer.csproj", "{8CF4E472-6110-43B2-8C19-68DF38268472}"
EndProject
Project("{2150E333-8FDC-42A3-9474-1A3956D46DE8}") = "Tests", "Tests", "{F0F70820-5BE4-43D7-948E-D081CEDA1C3E}"
EndProject
Project("{FAE04EC0-301F-11D3-BF4B-00C04F79EFBC}") = "SnTraceAnalyzer", "SnTraceAnalyzer\SnTraceAnalyzer.csproj", "{425C4B59-9811-4A3E-9789-C1D576B4D8DD}"
EndProject
Project("{FAE04EC0-301F-11D3-BF4B-00C04F79EFBC}") = "SnTraceAnalyzerTests", "Tests\SnTraceAnalyzerTests\SnTraceAnalyzerTests.csproj", "{40B1E774-6B84-43FD-B9FF-CBDF6550FDC5}"
EndProject
Project("{FAE04EC0-301F-11D3-BF4B-00C04F79EFBC}") = "SnTraceViewerTests", "Tests\SnTraceViewerTests\SnTraceViewerTests.csproj", "{79C475E1-9F48-4CDB-999A-17617CDFEDD3}"
EndProject
Project("{FAE04EC0-301F-11D3-BF4B-00C04F79EFBC}") = "SnTraceProcessor", "SnTraceProcessor\SnTraceProcessor.csproj", "{1B2CEB6D-CF82-43DD-B440-D21ED5DBA679}"
EndProject
Project("{FAE04EC0-301F-11D3-BF4B-00C04F79EFBC}") = "SnEventViewer", "SnEventViewer\SnEventViewer.csproj", "{2461F287-B17F-4840-8BA4-C1BE64797A54}"
EndProject
Project("{FAE04EC0-301F-11D3-BF4B-00C04F79EFBC}") = "SnEventViewerTests", "Tests\SnEventViewerTests\SnEventViewerTests.csproj", "{830E59D7-EC54-4822-A665-E1D537F4AA13}"
EndProject
Global
	GlobalSection(SolutionConfigurationPlatforms) = preSolution
		Debug|Any CPU = Debug|Any CPU
		Release|Any CPU = Release|Any CPU
	EndGlobalSection
	GlobalSection(ProjectConfigurationPlatforms) = postSolution
		{8CF4E472-6110-43B2-8C19-68DF38268472}.Debug|Any CPU.ActiveCfg = Debug|Any CPU
		{8CF4E472-6110-43B2-8C19-68DF38268472}.Debug|Any CPU.Build.0 = Debug|Any CPU
		{8CF4E472-6110-43B2-8C19-68DF38268472}.Release|Any CPU.ActiveCfg = Release|Any CPU
		{8CF4E472-6110-43B2-8C19-68DF38268472}.Release|Any CPU.Build.0 = Release|Any CPU
		{425C4B59-9811-4A3E-9789-C1D576B4D8DD}.Debug|Any CPU.ActiveCfg = Debug|Any CPU
		{425C4B59-9811-4A3E-9789-C1D576B4D8DD}.Debug|Any CPU.Build.0 = Debug|Any CPU
		{425C4B59-9811-4A3E-9789-C1D576B4D8DD}.Release|Any CPU.ActiveCfg = Release|Any CPU
		{425C4B59-9811-4A3E-9789-C1D576B4D8DD}.Release|Any CPU.Build.0 = Release|Any CPU
		{40B1E774-6B84-43FD-B9FF-CBDF6550FDC5}.Debug|Any CPU.ActiveCfg = Debug|Any CPU
		{40B1E774-6B84-43FD-B9FF-CBDF6550FDC5}.Debug|Any CPU.Build.0 = Debug|Any CPU
		{40B1E774-6B84-43FD-B9FF-CBDF6550FDC5}.Release|Any CPU.ActiveCfg = Release|Any CPU
		{40B1E774-6B84-43FD-B9FF-CBDF6550FDC5}.Release|Any CPU.Build.0 = Release|Any CPU
		{79C475E1-9F48-4CDB-999A-17617CDFEDD3}.Debug|Any CPU.ActiveCfg = Debug|Any CPU
		{79C475E1-9F48-4CDB-999A-17617CDFEDD3}.Debug|Any CPU.Build.0 = Debug|Any CPU
		{79C475E1-9F48-4CDB-999A-17617CDFEDD3}.Release|Any CPU.ActiveCfg = Release|Any CPU
		{79C475E1-9F48-4CDB-999A-17617CDFEDD3}.Release|Any CPU.Build.0 = Release|Any CPU
		{1B2CEB6D-CF82-43DD-B440-D21ED5DBA679}.Debug|Any CPU.ActiveCfg = Debug|Any CPU
		{1B2CEB6D-CF82-43DD-B440-D21ED5DBA679}.Debug|Any CPU.Build.0 = Debug|Any CPU
		{1B2CEB6D-CF82-43DD-B440-D21ED5DBA679}.Release|Any CPU.ActiveCfg = Release|Any CPU
		{1B2CEB6D-CF82-43DD-B440-D21ED5DBA679}.Release|Any CPU.Build.0 = Release|Any CPU
		{2461F287-B17F-4840-8BA4-C1BE64797A54}.Debug|Any CPU.ActiveCfg = Debug|Any CPU
		{2461F287-B17F-4840-8BA4-C1BE64797A54}.Debug|Any CPU.Build.0 = Debug|Any CPU
		{2461F287-B17F-4840-8BA4-C1BE64797A54}.Release|Any CPU.ActiveCfg = Release|Any CPU
		{2461F287-B17F-4840-8BA4-C1BE64797A54}.Release|Any CPU.Build.0 = Release|Any CPU
		{830E59D7-EC54-4822-A665-E1D537F4AA13}.Debug|Any CPU.ActiveCfg = Debug|Any CPU
		{830E59D7-EC54-4822-A665-E1D537F4AA13}.Debug|Any CPU.Build.0 = Debug|Any CPU
		{830E59D7-EC54-4822-A665-E1D537F4AA13}.Release|Any CPU.ActiveCfg = Release|Any CPU
		{830E59D7-EC54-4822-A665-E1D537F4AA13}.Release|Any CPU.Build.0 = Release|Any CPU
	EndGlobalSection
	GlobalSection(SolutionProperties) = preSolution
		HideSolutionNode = FALSE
	EndGlobalSection
	GlobalSection(NestedProjects) = preSolution
		{40B1E774-6B84-43FD-B9FF-CBDF6550FDC5} = {F0F70820-5BE4-43D7-948E-D081CEDA1C3E}
		{79C475E1-9F48-4CDB-999A-17617CDFEDD3} = {F0F70820-5BE4-43D7-948E-D081CEDA1C3E}
		{830E59D7-EC54-4822-A665-E1D537F4AA13} = {F0F70820-5BE4-43D7-948E-D081CEDA1C3E}
	EndGlobalSection
	GlobalSection(ExtensibilityGlobals) = postSolution
		SolutionGuid = {B1ABF085-8FC3-43C1-B3AE-3E7B504D45C1}
	EndGlobalSection
EndGlobal
